
Microsoft Visual Studio Solution File, Format Version 12.00
# Visual Studio 2012
VisualStudioVersion = 12.0.30501.0
MinimumVisualStudioVersion = 10.0.40219.1
Project("{FAE04EC0-301F-11D3-BF4B-00C04F79EFBC}") = "App1", "App1\App1\App1.csproj", "{BB47A20C-E3D8-4871-80D9-4EC2A1C356AE}"
EndProject
Project("{FAE04EC0-301F-11D3-BF4B-00C04F79EFBC}") = "App1.iOS", "App1\App1.iOS\App1.iOS.csproj", "{A7B50642-34FB-42AC-B5C9-3FDC05AE8705}"
EndProject
Project("{FAE04EC0-301F-11D3-BF4B-00C04F79EFBC}") = "App1.Android", "App1\App1.Android\App1.Android.csproj", "{4493EBEE-434A-444D-BE28-CA9217C59B4F}"
EndProject
Project("{FAE04EC0-301F-11D3-BF4B-00C04F79EFBC}") = "App1.WinPhone", "App1\App1.WinPhone\App1.WinPhone.csproj", "{39B8B97D-CB5D-438A-9BC2-94D16FD429C5}"
EndProject
Global
	GlobalSection(SolutionConfigurationPlatforms) = preSolution
		Ad-Hoc|Any CPU = Ad-Hoc|Any CPU
		Ad-Hoc|ARM = Ad-Hoc|ARM
		Ad-Hoc|iPhone = Ad-Hoc|iPhone
		Ad-Hoc|iPhoneSimulator = Ad-Hoc|iPhoneSimulator
		Ad-Hoc|Mixed Platforms = Ad-Hoc|Mixed Platforms
		Ad-Hoc|x86 = Ad-Hoc|x86
		AppStore|Any CPU = AppStore|Any CPU
		AppStore|ARM = AppStore|ARM
		AppStore|iPhone = AppStore|iPhone
		AppStore|iPhoneSimulator = AppStore|iPhoneSimulator
		AppStore|Mixed Platforms = AppStore|Mixed Platforms
		AppStore|x86 = AppStore|x86
		Debug|Any CPU = Debug|Any CPU
		Debug|ARM = Debug|ARM
		Debug|iPhone = Debug|iPhone
		Debug|iPhoneSimulator = Debug|iPhoneSimulator
		Debug|Mixed Platforms = Debug|Mixed Platforms
		Debug|x86 = Debug|x86
		Release|Any CPU = Release|Any CPU
		Release|ARM = Release|ARM
		Release|iPhone = Release|iPhone
		Release|iPhoneSimulator = Release|iPhoneSimulator
		Release|Mixed Platforms = Release|Mixed Platforms
		Release|x86 = Release|x86
	EndGlobalSection
	GlobalSection(ProjectConfigurationPlatforms) = postSolution
		{4493EBEE-434A-444D-BE28-CA9217C59B4F}.Ad-Hoc|Any CPU.ActiveCfg = Release|Any CPU
		{4493EBEE-434A-444D-BE28-CA9217C59B4F}.Ad-Hoc|Any CPU.Build.0 = Release|Any CPU
		{4493EBEE-434A-444D-BE28-CA9217C59B4F}.Ad-Hoc|Any CPU.Deploy.0 = Release|Any CPU
		{4493EBEE-434A-444D-BE28-CA9217C59B4F}.Ad-Hoc|ARM.ActiveCfg = Release|Any CPU
		{4493EBEE-434A-444D-BE28-CA9217C59B4F}.Ad-Hoc|iPhone.ActiveCfg = Release|Any CPU
		{4493EBEE-434A-444D-BE28-CA9217C59B4F}.Ad-Hoc|iPhoneSimulator.ActiveCfg = Release|Any CPU
		{4493EBEE-434A-444D-BE28-CA9217C59B4F}.Ad-Hoc|Mixed Platforms.ActiveCfg = Release|Any CPU
		{4493EBEE-434A-444D-BE28-CA9217C59B4F}.Ad-Hoc|Mixed Platforms.Build.0 = Release|Any CPU
		{4493EBEE-434A-444D-BE28-CA9217C59B4F}.Ad-Hoc|Mixed Platforms.Deploy.0 = Release|Any CPU
		{4493EBEE-434A-444D-BE28-CA9217C59B4F}.Ad-Hoc|x86.ActiveCfg = Release|Any CPU
		{4493EBEE-434A-444D-BE28-CA9217C59B4F}.AppStore|Any CPU.ActiveCfg = Release|Any CPU
		{4493EBEE-434A-444D-BE28-CA9217C59B4F}.AppStore|Any CPU.Build.0 = Release|Any CPU
		{4493EBEE-434A-444D-BE28-CA9217C59B4F}.AppStore|Any CPU.Deploy.0 = Release|Any CPU
		{4493EBEE-434A-444D-BE28-CA9217C59B4F}.AppStore|ARM.ActiveCfg = Release|Any CPU
		{4493EBEE-434A-444D-BE28-CA9217C59B4F}.AppStore|iPhone.ActiveCfg = Release|Any CPU
		{4493EBEE-434A-444D-BE28-CA9217C59B4F}.AppStore|iPhoneSimulator.ActiveCfg = Release|Any CPU
		{4493EBEE-434A-444D-BE28-CA9217C59B4F}.AppStore|Mixed Platforms.ActiveCfg = Release|Any CPU
		{4493EBEE-434A-444D-BE28-CA9217C59B4F}.AppStore|Mixed Platforms.Build.0 = Release|Any CPU
		{4493EBEE-434A-444D-BE28-CA9217C59B4F}.AppStore|Mixed Platforms.Deploy.0 = Release|Any CPU
		{4493EBEE-434A-444D-BE28-CA9217C59B4F}.AppStore|x86.ActiveCfg = Release|Any CPU
		{4493EBEE-434A-444D-BE28-CA9217C59B4F}.Debug|Any CPU.ActiveCfg = Debug|Any CPU
		{4493EBEE-434A-444D-BE28-CA9217C59B4F}.Debug|Any CPU.Build.0 = Debug|Any CPU
		{4493EBEE-434A-444D-BE28-CA9217C59B4F}.Debug|Any CPU.Deploy.0 = Debug|Any CPU
		{4493EBEE-434A-444D-BE28-CA9217C59B4F}.Debug|ARM.ActiveCfg = Debug|Any CPU
		{4493EBEE-434A-444D-BE28-CA9217C59B4F}.Debug|iPhone.ActiveCfg = Debug|Any CPU
		{4493EBEE-434A-444D-BE28-CA9217C59B4F}.Debug|iPhoneSimulator.ActiveCfg = Debug|Any CPU
		{4493EBEE-434A-444D-BE28-CA9217C59B4F}.Debug|iPhoneSimulator.Build.0 = Debug|Any CPU
		{4493EBEE-434A-444D-BE28-CA9217C59B4F}.Debug|iPhoneSimulator.Deploy.0 = Debug|Any CPU
		{4493EBEE-434A-444D-BE28-CA9217C59B4F}.Debug|Mixed Platforms.ActiveCfg = Debug|Any CPU
		{4493EBEE-434A-444D-BE28-CA9217C59B4F}.Debug|Mixed Platforms.Build.0 = Debug|Any CPU
		{4493EBEE-434A-444D-BE28-CA9217C59B4F}.Debug|Mixed Platforms.Deploy.0 = Debug|Any CPU
		{4493EBEE-434A-444D-BE28-CA9217C59B4F}.Debug|x86.ActiveCfg = Debug|Any CPU
		{4493EBEE-434A-444D-BE28-CA9217C59B4F}.Release|Any CPU.ActiveCfg = Release|Any CPU
		{4493EBEE-434A-444D-BE28-CA9217C59B4F}.Release|Any CPU.Build.0 = Release|Any CPU
		{4493EBEE-434A-444D-BE28-CA9217C59B4F}.Release|Any CPU.Deploy.0 = Release|Any CPU
		{4493EBEE-434A-444D-BE28-CA9217C59B4F}.Release|ARM.ActiveCfg = Release|Any CPU
		{4493EBEE-434A-444D-BE28-CA9217C59B4F}.Release|iPhone.ActiveCfg = Release|Any CPU
		{4493EBEE-434A-444D-BE28-CA9217C59B4F}.Release|iPhoneSimulator.ActiveCfg = Release|Any CPU
		{4493EBEE-434A-444D-BE28-CA9217C59B4F}.Release|Mixed Platforms.ActiveCfg = Release|Any CPU
		{4493EBEE-434A-444D-BE28-CA9217C59B4F}.Release|Mixed Platforms.Build.0 = Release|Any CPU
		{4493EBEE-434A-444D-BE28-CA9217C59B4F}.Release|Mixed Platforms.Deploy.0 = Release|Any CPU
		{4493EBEE-434A-444D-BE28-CA9217C59B4F}.Release|x86.ActiveCfg = Release|Any CPU
		{A7B50642-34FB-42AC-B5C9-3FDC05AE8705}.Ad-Hoc|Any CPU.ActiveCfg = Ad-Hoc|iPhone
		{A7B50642-34FB-42AC-B5C9-3FDC05AE8705}.Ad-Hoc|ARM.ActiveCfg = Ad-Hoc|iPhone
		{A7B50642-34FB-42AC-B5C9-3FDC05AE8705}.Ad-Hoc|iPhone.ActiveCfg = Ad-Hoc|iPhone
		{A7B50642-34FB-42AC-B5C9-3FDC05AE8705}.Ad-Hoc|iPhone.Build.0 = Ad-Hoc|iPhone
		{A7B50642-34FB-42AC-B5C9-3FDC05AE8705}.Ad-Hoc|iPhone.Deploy.0 = Ad-Hoc|iPhone
		{A7B50642-34FB-42AC-B5C9-3FDC05AE8705}.Ad-Hoc|iPhoneSimulator.ActiveCfg = Ad-Hoc|iPhoneSimulator
		{A7B50642-34FB-42AC-B5C9-3FDC05AE8705}.Ad-Hoc|iPhoneSimulator.Build.0 = Ad-Hoc|iPhoneSimulator
		{A7B50642-34FB-42AC-B5C9-3FDC05AE8705}.Ad-Hoc|iPhoneSimulator.Deploy.0 = Ad-Hoc|iPhoneSimulator
		{A7B50642-34FB-42AC-B5C9-3FDC05AE8705}.Ad-Hoc|Mixed Platforms.ActiveCfg = Ad-Hoc|iPhone
		{A7B50642-34FB-42AC-B5C9-3FDC05AE8705}.Ad-Hoc|Mixed Platforms.Build.0 = Ad-Hoc|iPhone
		{A7B50642-34FB-42AC-B5C9-3FDC05AE8705}.Ad-Hoc|Mixed Platforms.Deploy.0 = Ad-Hoc|iPhone
		{A7B50642-34FB-42AC-B5C9-3FDC05AE8705}.Ad-Hoc|x86.ActiveCfg = Ad-Hoc|iPhone
		{A7B50642-34FB-42AC-B5C9-3FDC05AE8705}.AppStore|Any CPU.ActiveCfg = AppStore|iPhone
		{A7B50642-34FB-42AC-B5C9-3FDC05AE8705}.AppStore|ARM.ActiveCfg = AppStore|iPhone
		{A7B50642-34FB-42AC-B5C9-3FDC05AE8705}.AppStore|iPhone.ActiveCfg = AppStore|iPhone
		{A7B50642-34FB-42AC-B5C9-3FDC05AE8705}.AppStore|iPhone.Build.0 = AppStore|iPhone
		{A7B50642-34FB-42AC-B5C9-3FDC05AE8705}.AppStore|iPhone.Deploy.0 = AppStore|iPhone
		{A7B50642-34FB-42AC-B5C9-3FDC05AE8705}.AppStore|iPhoneSimulator.ActiveCfg = AppStore|iPhoneSimulator
		{A7B50642-34FB-42AC-B5C9-3FDC05AE8705}.AppStore|iPhoneSimulator.Build.0 = AppStore|iPhoneSimulator
		{A7B50642-34FB-42AC-B5C9-3FDC05AE8705}.AppStore|iPhoneSimulator.Deploy.0 = AppStore|iPhoneSimulator
		{A7B50642-34FB-42AC-B5C9-3FDC05AE8705}.AppStore|Mixed Platforms.ActiveCfg = AppStore|iPhone
		{A7B50642-34FB-42AC-B5C9-3FDC05AE8705}.AppStore|Mixed Platforms.Build.0 = AppStore|iPhone
		{A7B50642-34FB-42AC-B5C9-3FDC05AE8705}.AppStore|Mixed Platforms.Deploy.0 = AppStore|iPhone
		{A7B50642-34FB-42AC-B5C9-3FDC05AE8705}.AppStore|x86.ActiveCfg = AppStore|iPhone
		{A7B50642-34FB-42AC-B5C9-3FDC05AE8705}.Debug|Any CPU.ActiveCfg = Debug|iPhone
		{A7B50642-34FB-42AC-B5C9-3FDC05AE8705}.Debug|ARM.ActiveCfg = Debug|iPhone
		{A7B50642-34FB-42AC-B5C9-3FDC05AE8705}.Debug|iPhone.ActiveCfg = Debug|iPhone
		{A7B50642-34FB-42AC-B5C9-3FDC05AE8705}.Debug|iPhone.Build.0 = Debug|iPhone
		{A7B50642-34FB-42AC-B5C9-3FDC05AE8705}.Debug|iPhone.Deploy.0 = Debug|iPhone
		{A7B50642-34FB-42AC-B5C9-3FDC05AE8705}.Debug|iPhoneSimulator.ActiveCfg = Debug|iPhoneSimulator
		{A7B50642-34FB-42AC-B5C9-3FDC05AE8705}.Debug|iPhoneSimulator.Build.0 = Debug|iPhoneSimulator
		{A7B50642-34FB-42AC-B5C9-3FDC05AE8705}.Debug|iPhoneSimulator.Deploy.0 = Debug|iPhoneSimulator
		{A7B50642-34FB-42AC-B5C9-3FDC05AE8705}.Debug|Mixed Platforms.ActiveCfg = Debug|iPhone
		{A7B50642-34FB-42AC-B5C9-3FDC05AE8705}.Debug|Mixed Platforms.Build.0 = Debug|iPhone
		{A7B50642-34FB-42AC-B5C9-3FDC05AE8705}.Debug|Mixed Platforms.Deploy.0 = Debug|iPhone
		{A7B50642-34FB-42AC-B5C9-3FDC05AE8705}.Debug|x86.ActiveCfg = Debug|iPhone
		{A7B50642-34FB-42AC-B5C9-3FDC05AE8705}.Release|Any CPU.ActiveCfg = Release|iPhone
		{A7B50642-34FB-42AC-B5C9-3FDC05AE8705}.Release|ARM.ActiveCfg = Release|iPhone
		{A7B50642-34FB-42AC-B5C9-3FDC05AE8705}.Release|iPhone.ActiveCfg = Release|iPhone
		{A7B50642-34FB-42AC-B5C9-3FDC05AE8705}.Release|iPhone.Build.0 = Release|iPhone
		{A7B50642-34FB-42AC-B5C9-3FDC05AE8705}.Release|iPhone.Deploy.0 = Release|iPhone
		{A7B50642-34FB-42AC-B5C9-3FDC05AE8705}.Release|iPhoneSimulator.ActiveCfg = Release|iPhoneSimulator
		{A7B50642-34FB-42AC-B5C9-3FDC05AE8705}.Release|iPhoneSimulator.Build.0 = Release|iPhoneSimulator
		{A7B50642-34FB-42AC-B5C9-3FDC05AE8705}.Release|iPhoneSimulator.Deploy.0 = Release|iPhoneSimulator
		{A7B50642-34FB-42AC-B5C9-3FDC05AE8705}.Release|Mixed Platforms.ActiveCfg = Release|iPhone
		{A7B50642-34FB-42AC-B5C9-3FDC05AE8705}.Release|Mixed Platforms.Build.0 = Release|iPhone
		{A7B50642-34FB-42AC-B5C9-3FDC05AE8705}.Release|Mixed Platforms.Deploy.0 = Release|iPhone
		{A7B50642-34FB-42AC-B5C9-3FDC05AE8705}.Release|x86.ActiveCfg = Release|iPhone
		{BB47A20C-E3D8-4871-80D9-4EC2A1C356AE}.Ad-Hoc|Any CPU.ActiveCfg = Release|Any CPU
		{BB47A20C-E3D8-4871-80D9-4EC2A1C356AE}.Ad-Hoc|Any CPU.Build.0 = Release|Any CPU
		{BB47A20C-E3D8-4871-80D9-4EC2A1C356AE}.Ad-Hoc|ARM.ActiveCfg = Release|Any CPU
		{BB47A20C-E3D8-4871-80D9-4EC2A1C356AE}.Ad-Hoc|iPhone.ActiveCfg = Release|Any CPU
		{BB47A20C-E3D8-4871-80D9-4EC2A1C356AE}.Ad-Hoc|iPhoneSimulator.ActiveCfg = Release|Any CPU
		{BB47A20C-E3D8-4871-80D9-4EC2A1C356AE}.Ad-Hoc|Mixed Platforms.ActiveCfg = Release|Any CPU
		{BB47A20C-E3D8-4871-80D9-4EC2A1C356AE}.Ad-Hoc|Mixed Platforms.Build.0 = Release|Any CPU
		{BB47A20C-E3D8-4871-80D9-4EC2A1C356AE}.Ad-Hoc|x86.ActiveCfg = Release|Any CPU
		{BB47A20C-E3D8-4871-80D9-4EC2A1C356AE}.AppStore|Any CPU.ActiveCfg = Release|Any CPU
		{BB47A20C-E3D8-4871-80D9-4EC2A1C356AE}.AppStore|Any CPU.Build.0 = Release|Any CPU
		{BB47A20C-E3D8-4871-80D9-4EC2A1C356AE}.AppStore|ARM.ActiveCfg = Release|Any CPU
		{BB47A20C-E3D8-4871-80D9-4EC2A1C356AE}.AppStore|iPhone.ActiveCfg = Release|Any CPU
		{BB47A20C-E3D8-4871-80D9-4EC2A1C356AE}.AppStore|iPhoneSimulator.ActiveCfg = Release|Any CPU
		{BB47A20C-E3D8-4871-80D9-4EC2A1C356AE}.AppStore|Mixed Platforms.ActiveCfg = Release|Any CPU
		{BB47A20C-E3D8-4871-80D9-4EC2A1C356AE}.AppStore|Mixed Platforms.Build.0 = Release|Any CPU
		{BB47A20C-E3D8-4871-80D9-4EC2A1C356AE}.AppStore|x86.ActiveCfg = Release|Any CPU
		{BB47A20C-E3D8-4871-80D9-4EC2A1C356AE}.Debug|Any CPU.ActiveCfg = Debug|Any CPU
		{BB47A20C-E3D8-4871-80D9-4EC2A1C356AE}.Debug|Any CPU.Build.0 = Debug|Any CPU
		{BB47A20C-E3D8-4871-80D9-4EC2A1C356AE}.Debug|ARM.ActiveCfg = Debug|Any CPU
		{BB47A20C-E3D8-4871-80D9-4EC2A1C356AE}.Debug|iPhone.ActiveCfg = Debug|Any CPU
		{BB47A20C-E3D8-4871-80D9-4EC2A1C356AE}.Debug|iPhoneSimulator.ActiveCfg = Debug|Any CPU
		{BB47A20C-E3D8-4871-80D9-4EC2A1C356AE}.Debug|iPhoneSimulator.Build.0 = Debug|Any CPU
		{BB47A20C-E3D8-4871-80D9-4EC2A1C356AE}.Debug|Mixed Platforms.ActiveCfg = Debug|Any CPU
		{BB47A20C-E3D8-4871-80D9-4EC2A1C356AE}.Debug|Mixed Platforms.Build.0 = Debug|Any CPU
		{BB47A20C-E3D8-4871-80D9-4EC2A1C356AE}.Debug|x86.ActiveCfg = Debug|Any CPU
		{BB47A20C-E3D8-4871-80D9-4EC2A1C356AE}.Release|Any CPU.ActiveCfg = Release|Any CPU
		{BB47A20C-E3D8-4871-80D9-4EC2A1C356AE}.Release|Any CPU.Build.0 = Release|Any CPU
		{BB47A20C-E3D8-4871-80D9-4EC2A1C356AE}.Release|ARM.ActiveCfg = Release|Any CPU
		{BB47A20C-E3D8-4871-80D9-4EC2A1C356AE}.Release|iPhone.ActiveCfg = Release|Any CPU
		{BB47A20C-E3D8-4871-80D9-4EC2A1C356AE}.Release|iPhoneSimulator.ActiveCfg = Release|Any CPU
		{BB47A20C-E3D8-4871-80D9-4EC2A1C356AE}.Release|Mixed Platforms.ActiveCfg = Release|Any CPU
		{BB47A20C-E3D8-4871-80D9-4EC2A1C356AE}.Release|Mixed Platforms.Build.0 = Release|Any CPU
		{BB47A20C-E3D8-4871-80D9-4EC2A1C356AE}.Release|x86.ActiveCfg = Release|Any CPU
	EndGlobalSection
	GlobalSection(MonoDevelopProperties) = preSolution
		StartupItem = App1\App1.iOS\App1.iOS.csproj
	EndGlobalSection
	GlobalSection(SolutionProperties) = preSolution
		HideSolutionNode = FALSE
	EndGlobalSection
EndGlobal
